{
  "nodes": {
    "crane": {
      "inputs": {
        "nixpkgs": [
          "tomers",
          "nixpkgs"
        ]
      },
      "locked": {
        "lastModified": 1721842668,
        "narHash": "sha256-k3oiD2z2AAwBFLa4+xfU+7G5fisRXfkvrMTCJrjZzXo=",
        "owner": "ipetkov",
        "repo": "crane",
        "rev": "529c1a0b1f29f0d78fa3086b8f6a134c71ef3aaf",
        "type": "github"
      },
      "original": {
        "owner": "ipetkov",
        "repo": "crane",
        "type": "github"
      }
    },
    "fenix": {
      "inputs": {
        "nixpkgs": [
          "tomers",
          "nixpkgs"
        ],
        "rust-analyzer-src": "rust-analyzer-src"
      },
      "locked": {
        "lastModified": 1722580276,
        "narHash": "sha256-VaNcSh7n8OaFW/DJsR6Fm23V+EGpSei0DyF71RKB+90=",
        "owner": "nix-community",
        "repo": "fenix",
        "rev": "286f371b3cfeaa5c856c8e6dfb893018e86cc947",
        "type": "github"
      },
      "original": {
        "owner": "nix-community",
        "repo": "fenix",
        "type": "github"
      }
    },
    "flake-utils": {
      "inputs": {
        "systems": "systems"
      },
      "locked": {
        "lastModified": 1710146030,
        "narHash": "sha256-SZ5L6eA7HJ/nmkzGG7/ISclqe6oZdOZTNoesiInkXPQ=",
        "owner": "numtide",
        "repo": "flake-utils",
        "rev": "b1d9ab70662946ef0850d488da1c9019f3a9752a",
        "type": "github"
      },
      "original": {
        "owner": "numtide",
        "repo": "flake-utils",
        "type": "github"
      }
    },
    "nixpkgs": {
      "locked": {
        "lastModified": 1722415718,
        "narHash": "sha256-5US0/pgxbMksF92k1+eOa8arJTJiPvsdZj9Dl+vJkM4=",
        "owner": "NixOS",
        "repo": "nixpkgs",
        "rev": "c3392ad349a5227f4a3464dce87bcc5046692fce",
        "type": "github"
      },
      "original": {
        "owner": "NixOS",
        "ref": "nixpkgs-unstable",
        "repo": "nixpkgs",
        "type": "github"
      }
    },
    "root": {
      "inputs": {
        "nixpkgs": "nixpkgs",
        "tomers": "tomers"
      }
    },
    "rust-analyzer-src": {
      "flake": false,
      "locked": {
        "lastModified": 1722521768,
        "narHash": "sha256-FvJ4FaMy1kJbZ3Iw1RyvuiUAsbHJXoU2HwylzaFzj1o=",
        "owner": "rust-lang",
        "repo": "rust-analyzer",
        "rev": "f149dc5029d8406fae8b2c541603bcac06e30deb",
        "type": "github"
      },
      "original": {
        "owner": "rust-lang",
        "ref": "nightly",
        "repo": "rust-analyzer",
        "type": "github"
      }
    },
    "systems": {
      "locked": {
        "lastModified": 1681028828,
        "narHash": "sha256-Vy1rq5AaRuLzOxct8nz4T6wlgyUR7zLU309k9mBC768=",
        "owner": "nix-systems",
        "repo": "default",
        "rev": "da67096a3b9bf56a91d16901293e51ba5b49a27e",
        "type": "github"
      },
      "original": {
        "owner": "nix-systems",
        "repo": "default",
        "type": "github"
      }
    },
    "tomers": {
      "inputs": {
        "crane": "crane",
        "fenix": "fenix",
        "flake-utils": "flake-utils",
        "nixpkgs": [
          "nixpkgs"
        ]
      },
      "locked": {
        "lastModified": 1722641557,
        "narHash": "sha256-Ii6XjxZsWWGzWUHgl4sAniHQIBxLrRR0gsz21fv5QV0=",
        "owner": "thinnerthinker",
        "repo": "tomers",
        "rev": "24d13a623903790d87ad5cedfac3bddef2da7091",
        "type": "github"
      },
      "original": {
        "owner": "thinnerthinker",
        "repo": "tomers",
        "type": "github"
      }
    }
  },
  "root": "root",
  "version": 7
}
